// !$*UTF8*$!
{
	archiveVersion = 1;
	classes = {
	};
	objectVersion = 46;
	objects = {

/* Begin PBXBuildFile section */
		3C42F2F61E49185D0015F1FC /* main.m in Sources */ = {isa = PBXBuildFile; fileRef = 3C42F2F51E49185D0015F1FC /* main.m */; };
		3C42F2F91E49185D0015F1FC /* AppDelegate.m in Sources */ = {isa = PBXBuildFile; fileRef = 3C42F2F81E49185D0015F1FC /* AppDelegate.m */; };
		3C42F2FF1E49185D0015F1FC /* Main.storyboard in Resources */ = {isa = PBXBuildFile; fileRef = 3C42F2FD1E49185D0015F1FC /* Main.storyboard */; };
		3C42F3021E49185D0015F1FC /* RemindersApp.xcdatamodeld in Sources */ = {isa = PBXBuildFile; fileRef = 3C42F3001E49185D0015F1FC /* RemindersApp.xcdatamodeld */; };
		3C42F3041E49185D0015F1FC /* Assets.xcassets in Resources */ = {isa = PBXBuildFile; fileRef = 3C42F3031E49185D0015F1FC /* Assets.xcassets */; };
		3C42F3071E49185D0015F1FC /* LaunchScreen.storyboard in Resources */ = {isa = PBXBuildFile; fileRef = 3C42F3051E49185D0015F1FC /* LaunchScreen.storyboard */; };
		3C42F3101E49191E0015F1FC /* MasterTableViewController.m in Sources */ = {isa = PBXBuildFile; fileRef = 3C42F30F1E49191E0015F1FC /* MasterTableViewController.m */; };
		3C42F3131E491A590015F1FC /* NewReminderViewController.m in Sources */ = {isa = PBXBuildFile; fileRef = 3C42F3121E491A590015F1FC /* NewReminderViewController.m */; };
		3C42F31C1E4924A70015F1FC /* ReminderTableViewCell.m in Sources */ = {isa = PBXBuildFile; fileRef = 3C42F31B1E4924A70015F1FC /* ReminderTableViewCell.m */; };
		3C42F31F1E4937730015F1FC /* DetailViewController.m in Sources */ = {isa = PBXBuildFile; fileRef = 3C42F31E1E4937730015F1FC /* DetailViewController.m */; };
		3CC86FC71E4A8223000CFAD1 /* OnlinePhotosViewController.m in Sources */ = {isa = PBXBuildFile; fileRef = 3CC86FC61E4A8223000CFAD1 /* OnlinePhotosViewController.m */; };
		3CC86FCA1E4A824B000CFAD1 /* Photo.m in Sources */ = {isa = PBXBuildFile; fileRef = 3CC86FC91E4A824B000CFAD1 /* Photo.m */; };
		3CC86FCD1E4A8260000CFAD1 /* CollectionViewCell.m in Sources */ = {isa = PBXBuildFile; fileRef = 3CC86FCC1E4A8260000CFAD1 /* CollectionViewCell.m */; };
		5D48351F1E4C042D00ED35EE /* NotificationsDelegate.m in Sources */ = {isa = PBXBuildFile; fileRef = 5D48351E1E4C042D00ED35EE /* NotificationsDelegate.m */; };
		5D4835291E4CB91300ED35EE /* Reminders+CoreDataProperties.m in Sources */ = {isa = PBXBuildFile; fileRef = 5D4835231E4CB91300ED35EE /* Reminders+CoreDataProperties.m */; };
		5D48352B1E4CB91300ED35EE /* Identifier+CoreDataProperties.m in Sources */ = {isa = PBXBuildFile; fileRef = 5D4835271E4CB91300ED35EE /* Identifier+CoreDataProperties.m */; };
		5D48352E1E4D3F0F00ED35EE /* ViewController.m in Sources */ = {isa = PBXBuildFile; fileRef = 5D48352D1E4D3F0F00ED35EE /* ViewController.m */; };
		5DF565751E4AA44500E5ABC7 /* NotificationsManager.m in Sources */ = {isa = PBXBuildFile; fileRef = 5DF565741E4AA44500E5ABC7 /* NotificationsManager.m */; };
		A1B5DF8E1E4BDC7200B553F8 /* Reminders+CoreDataProperties.m in Sources */ = {isa = PBXBuildFile; fileRef = A1B5DF8C1E4BDC7200B553F8 /* Reminders+CoreDataProperties.m */; };
		A1B5DF911E4CE87000B553F8 /* LabelStyling.m in Sources */ = {isa = PBXBuildFile; fileRef = A1B5DF901E4CE87000B553F8 /* LabelStyling.m */; };
		A1B5DF941E4CF06D00B553F8 /* IntroViewController.m in Sources */ = {isa = PBXBuildFile; fileRef = A1B5DF931E4CF06D00B553F8 /* IntroViewController.m */; };
		A1B5DF9A1E4CF18F00B553F8 /* ButtonStyling.m in Sources */ = {isa = PBXBuildFile; fileRef = A1B5DF991E4CF18F00B553F8 /* ButtonStyling.m */; };
		A1B5DF9D1E4CF28A00B553F8 /* TextViewStyling.m in Sources */ = {isa = PBXBuildFile; fileRef = A1B5DF9C1E4CF28A00B553F8 /* TextViewStyling.m */; };
		A1B5DFA01E4CF2B200B553F8 /* TextFieldStyling.m in Sources */ = {isa = PBXBuildFile; fileRef = A1B5DF9F1E4CF2B200B553F8 /* TextFieldStyling.m */; };
/* End PBXBuildFile section */

/* Begin PBXFileReference section */
		3C42F2F11E49185D0015F1FC /* RemindersApp.app */ = {isa = PBXFileReference; explicitFileType = wrapper.application; includeInIndex = 0; path = RemindersApp.app; sourceTree = BUILT_PRODUCTS_DIR; };
		3C42F2F51E49185D0015F1FC /* main.m */ = {isa = PBXFileReference; lastKnownFileType = sourcecode.c.objc; path = main.m; sourceTree = "<group>"; };
		3C42F2F71E49185D0015F1FC /* AppDelegate.h */ = {isa = PBXFileReference; lastKnownFileType = sourcecode.c.h; path = AppDelegate.h; sourceTree = "<group>"; };
		3C42F2F81E49185D0015F1FC /* AppDelegate.m */ = {isa = PBXFileReference; lastKnownFileType = sourcecode.c.objc; path = AppDelegate.m; sourceTree = "<group>"; };
		3C42F2FE1E49185D0015F1FC /* Base */ = {isa = PBXFileReference; lastKnownFileType = file.storyboard; name = Base; path = Base.lproj/Main.storyboard; sourceTree = "<group>"; };
		3C42F3011E49185D0015F1FC /* RemindersApp.xcdatamodel */ = {isa = PBXFileReference; lastKnownFileType = wrapper.xcdatamodel; path = RemindersApp.xcdatamodel; sourceTree = "<group>"; };
		3C42F3031E49185D0015F1FC /* Assets.xcassets */ = {isa = PBXFileReference; lastKnownFileType = folder.assetcatalog; path = Assets.xcassets; sourceTree = "<group>"; };
		3C42F3061E49185D0015F1FC /* Base */ = {isa = PBXFileReference; lastKnownFileType = file.storyboard; name = Base; path = Base.lproj/LaunchScreen.storyboard; sourceTree = "<group>"; };
		3C42F3081E49185D0015F1FC /* Info.plist */ = {isa = PBXFileReference; lastKnownFileType = text.plist.xml; path = Info.plist; sourceTree = "<group>"; };
		3C42F30E1E49191E0015F1FC /* MasterTableViewController.h */ = {isa = PBXFileReference; fileEncoding = 4; lastKnownFileType = sourcecode.c.h; path = MasterTableViewController.h; sourceTree = "<group>"; };
		3C42F30F1E49191E0015F1FC /* MasterTableViewController.m */ = {isa = PBXFileReference; fileEncoding = 4; lastKnownFileType = sourcecode.c.objc; path = MasterTableViewController.m; sourceTree = "<group>"; };
		3C42F3111E491A590015F1FC /* NewReminderViewController.h */ = {isa = PBXFileReference; fileEncoding = 4; lastKnownFileType = sourcecode.c.h; path = NewReminderViewController.h; sourceTree = "<group>"; };
		3C42F3121E491A590015F1FC /* NewReminderViewController.m */ = {isa = PBXFileReference; fileEncoding = 4; lastKnownFileType = sourcecode.c.objc; path = NewReminderViewController.m; sourceTree = "<group>"; };
		3C42F31A1E4924A70015F1FC /* ReminderTableViewCell.h */ = {isa = PBXFileReference; fileEncoding = 4; lastKnownFileType = sourcecode.c.h; path = ReminderTableViewCell.h; sourceTree = "<group>"; };
		3C42F31B1E4924A70015F1FC /* ReminderTableViewCell.m */ = {isa = PBXFileReference; fileEncoding = 4; lastKnownFileType = sourcecode.c.objc; path = ReminderTableViewCell.m; sourceTree = "<group>"; };
		3C42F31D1E4937730015F1FC /* DetailViewController.h */ = {isa = PBXFileReference; fileEncoding = 4; lastKnownFileType = sourcecode.c.h; path = DetailViewController.h; sourceTree = "<group>"; };
		3C42F31E1E4937730015F1FC /* DetailViewController.m */ = {isa = PBXFileReference; fileEncoding = 4; lastKnownFileType = sourcecode.c.objc; path = DetailViewController.m; sourceTree = "<group>"; };
		3CC86FC51E4A8223000CFAD1 /* OnlinePhotosViewController.h */ = {isa = PBXFileReference; fileEncoding = 4; lastKnownFileType = sourcecode.c.h; path = OnlinePhotosViewController.h; sourceTree = "<group>"; };
		3CC86FC61E4A8223000CFAD1 /* OnlinePhotosViewController.m */ = {isa = PBXFileReference; fileEncoding = 4; lastKnownFileType = sourcecode.c.objc; path = OnlinePhotosViewController.m; sourceTree = "<group>"; };
		3CC86FC81E4A824B000CFAD1 /* Photo.h */ = {isa = PBXFileReference; fileEncoding = 4; lastKnownFileType = sourcecode.c.h; path = Photo.h; sourceTree = "<group>"; };
		3CC86FC91E4A824B000CFAD1 /* Photo.m */ = {isa = PBXFileReference; fileEncoding = 4; lastKnownFileType = sourcecode.c.objc; path = Photo.m; sourceTree = "<group>"; };
		3CC86FCB1E4A8260000CFAD1 /* CollectionViewCell.h */ = {isa = PBXFileReference; fileEncoding = 4; lastKnownFileType = sourcecode.c.h; path = CollectionViewCell.h; sourceTree = "<group>"; };
		3CC86FCC1E4A8260000CFAD1 /* CollectionViewCell.m */ = {isa = PBXFileReference; fileEncoding = 4; lastKnownFileType = sourcecode.c.objc; path = CollectionViewCell.m; sourceTree = "<group>"; };
		5D48351D1E4C042D00ED35EE /* NotificationsDelegate.h */ = {isa = PBXFileReference; fileEncoding = 4; lastKnownFileType = sourcecode.c.h; path = NotificationsDelegate.h; sourceTree = "<group>"; };
		5D48351E1E4C042D00ED35EE /* NotificationsDelegate.m */ = {isa = PBXFileReference; fileEncoding = 4; lastKnownFileType = sourcecode.c.objc; path = NotificationsDelegate.m; sourceTree = "<group>"; };
		5D4835201E4CB91300ED35EE /* Reminders+CoreDataClass.h */ = {isa = PBXFileReference; fileEncoding = 4; lastKnownFileType = sourcecode.c.h; path = "Reminders+CoreDataClass.h"; sourceTree = "<group>"; };
		5D4835211E4CB91300ED35EE /* Reminders+CoreDataClass.m */ = {isa = PBXFileReference; fileEncoding = 4; lastKnownFileType = sourcecode.c.objc; path = "Reminders+CoreDataClass.m"; sourceTree = "<group>"; };
		5D4835221E4CB91300ED35EE /* Reminders+CoreDataProperties.h */ = {isa = PBXFileReference; fileEncoding = 4; lastKnownFileType = sourcecode.c.h; path = "Reminders+CoreDataProperties.h"; sourceTree = "<group>"; };
		5D4835231E4CB91300ED35EE /* Reminders+CoreDataProperties.m */ = {isa = PBXFileReference; fileEncoding = 4; lastKnownFileType = sourcecode.c.objc; path = "Reminders+CoreDataProperties.m"; sourceTree = "<group>"; };
		5D4835241E4CB91300ED35EE /* Identifier+CoreDataClass.h */ = {isa = PBXFileReference; fileEncoding = 4; lastKnownFileType = sourcecode.c.h; path = "Identifier+CoreDataClass.h"; sourceTree = "<group>"; };
		5D4835251E4CB91300ED35EE /* Identifier+CoreDataClass.m */ = {isa = PBXFileReference; fileEncoding = 4; lastKnownFileType = sourcecode.c.objc; path = "Identifier+CoreDataClass.m"; sourceTree = "<group>"; };
		5D4835261E4CB91300ED35EE /* Identifier+CoreDataProperties.h */ = {isa = PBXFileReference; fileEncoding = 4; lastKnownFileType = sourcecode.c.h; path = "Identifier+CoreDataProperties.h"; sourceTree = "<group>"; };
		5D4835271E4CB91300ED35EE /* Identifier+CoreDataProperties.m */ = {isa = PBXFileReference; fileEncoding = 4; lastKnownFileType = sourcecode.c.objc; path = "Identifier+CoreDataProperties.m"; sourceTree = "<group>"; };
		5D48352C1E4D3F0F00ED35EE /* ViewController.h */ = {isa = PBXFileReference; fileEncoding = 4; lastKnownFileType = sourcecode.c.h; path = ViewController.h; sourceTree = "<group>"; };
		5D48352D1E4D3F0F00ED35EE /* ViewController.m */ = {isa = PBXFileReference; fileEncoding = 4; lastKnownFileType = sourcecode.c.objc; path = ViewController.m; sourceTree = "<group>"; };
		5DF565731E4AA44500E5ABC7 /* NotificationsManager.h */ = {isa = PBXFileReference; fileEncoding = 4; lastKnownFileType = sourcecode.c.h; path = NotificationsManager.h; sourceTree = "<group>"; };
		5DF565741E4AA44500E5ABC7 /* NotificationsManager.m */ = {isa = PBXFileReference; fileEncoding = 4; lastKnownFileType = sourcecode.c.objc; path = NotificationsManager.m; sourceTree = "<group>"; };
		A1B5DF8C1E4BDC7200B553F8 /* Reminders+CoreDataProperties.m */ = {isa = PBXFileReference; fileEncoding = 4; lastKnownFileType = sourcecode.c.objc; path = "Reminders+CoreDataProperties.m"; sourceTree = "<group>"; };
		A1B5DF8F1E4CE87000B553F8 /* LabelStyling.h */ = {isa = PBXFileReference; fileEncoding = 4; lastKnownFileType = sourcecode.c.h; path = LabelStyling.h; sourceTree = "<group>"; };
		A1B5DF901E4CE87000B553F8 /* LabelStyling.m */ = {isa = PBXFileReference; fileEncoding = 4; lastKnownFileType = sourcecode.c.objc; path = LabelStyling.m; sourceTree = "<group>"; };
		A1B5DF921E4CF06D00B553F8 /* IntroViewController.h */ = {isa = PBXFileReference; fileEncoding = 4; lastKnownFileType = sourcecode.c.h; path = IntroViewController.h; sourceTree = "<group>"; };
		A1B5DF931E4CF06D00B553F8 /* IntroViewController.m */ = {isa = PBXFileReference; fileEncoding = 4; lastKnownFileType = sourcecode.c.objc; path = IntroViewController.m; sourceTree = "<group>"; };
		A1B5DF951E4CF15E00B553F8 /* ImageViewStyling.h */ = {isa = PBXFileReference; fileEncoding = 4; lastKnownFileType = sourcecode.c.h; path = ImageViewStyling.h; sourceTree = "<group>"; };
		A1B5DF961E4CF15E00B553F8 /* ImageViewStyling.m */ = {isa = PBXFileReference; fileEncoding = 4; lastKnownFileType = sourcecode.c.objc; path = ImageViewStyling.m; sourceTree = "<group>"; };
		A1B5DF981E4CF18F00B553F8 /* ButtonStyling.h */ = {isa = PBXFileReference; fileEncoding = 4; lastKnownFileType = sourcecode.c.h; path = ButtonStyling.h; sourceTree = "<group>"; };
		A1B5DF991E4CF18F00B553F8 /* ButtonStyling.m */ = {isa = PBXFileReference; fileEncoding = 4; lastKnownFileType = sourcecode.c.objc; path = ButtonStyling.m; sourceTree = "<group>"; };
		A1B5DF9B1E4CF28A00B553F8 /* TextViewStyling.h */ = {isa = PBXFileReference; fileEncoding = 4; lastKnownFileType = sourcecode.c.h; path = TextViewStyling.h; sourceTree = "<group>"; };
		A1B5DF9C1E4CF28A00B553F8 /* TextViewStyling.m */ = {isa = PBXFileReference; fileEncoding = 4; lastKnownFileType = sourcecode.c.objc; path = TextViewStyling.m; sourceTree = "<group>"; };
		A1B5DF9E1E4CF2B200B553F8 /* TextFieldStyling.h */ = {isa = PBXFileReference; fileEncoding = 4; lastKnownFileType = sourcecode.c.h; path = TextFieldStyling.h; sourceTree = "<group>"; };
		A1B5DF9F1E4CF2B200B553F8 /* TextFieldStyling.m */ = {isa = PBXFileReference; fileEncoding = 4; lastKnownFileType = sourcecode.c.objc; path = TextFieldStyling.m; sourceTree = "<group>"; };
/* End PBXFileReference section */

/* Begin PBXFrameworksBuildPhase section */
		3C42F2EE1E49185D0015F1FC /* Frameworks */ = {
			isa = PBXFrameworksBuildPhase;
			buildActionMask = 2147483647;
			files = (
			);
			runOnlyForDeploymentPostprocessing = 0;
		};
/* End PBXFrameworksBuildPhase section */

/* Begin PBXGroup section */
		3C42F2E81E49185D0015F1FC = {
			isa = PBXGroup;
			children = (
				5D4835201E4CB91300ED35EE /* Reminders+CoreDataClass.h */,
				5D4835211E4CB91300ED35EE /* Reminders+CoreDataClass.m */,
				5D4835221E4CB91300ED35EE /* Reminders+CoreDataProperties.h */,
				5D4835231E4CB91300ED35EE /* Reminders+CoreDataProperties.m */,
				5D4835241E4CB91300ED35EE /* Identifier+CoreDataClass.h */,
				5D4835251E4CB91300ED35EE /* Identifier+CoreDataClass.m */,
				5D4835261E4CB91300ED35EE /* Identifier+CoreDataProperties.h */,
				5D4835271E4CB91300ED35EE /* Identifier+CoreDataProperties.m */,
				3C42F2F31E49185D0015F1FC /* RemindersApp */,
				3C42F2F21E49185D0015F1FC /* Products */,
			);
			sourceTree = "<group>";
		};
		3C42F2F21E49185D0015F1FC /* Products */ = {
			isa = PBXGroup;
			children = (
				3C42F2F11E49185D0015F1FC /* RemindersApp.app */,
			);
			name = Products;
			sourceTree = "<group>";
		};
		3C42F2F31E49185D0015F1FC /* RemindersApp */ = {
			isa = PBXGroup;
			children = (
				3C42F31D1E4937730015F1FC /* DetailViewController.h */,
				3C42F31E1E4937730015F1FC /* DetailViewController.m */,
				3C42F3111E491A590015F1FC /* NewReminderViewController.h */,
				3C42F3121E491A590015F1FC /* NewReminderViewController.m */,
				3C42F30E1E49191E0015F1FC /* MasterTableViewController.h */,
				3C42F30F1E49191E0015F1FC /* MasterTableViewController.m */,
				3C42F31A1E4924A70015F1FC /* ReminderTableViewCell.h */,
				3C42F31B1E4924A70015F1FC /* ReminderTableViewCell.m */,
				3CC86FC81E4A824B000CFAD1 /* Photo.h */,
				3CC86FC91E4A824B000CFAD1 /* Photo.m */,
				3CC86FC51E4A8223000CFAD1 /* OnlinePhotosViewController.h */,
				3CC86FC61E4A8223000CFAD1 /* OnlinePhotosViewController.m */,
				3CC86FCB1E4A8260000CFAD1 /* CollectionViewCell.h */,
				3CC86FCC1E4A8260000CFAD1 /* CollectionViewCell.m */,
				A1B5DF8F1E4CE87000B553F8 /* LabelStyling.h */,
				A1B5DF901E4CE87000B553F8 /* LabelStyling.m */,
				A1B5DF951E4CF15E00B553F8 /* ImageViewStyling.h */,
				A1B5DF961E4CF15E00B553F8 /* ImageViewStyling.m */,
				A1B5DF981E4CF18F00B553F8 /* ButtonStyling.h */,
				A1B5DF991E4CF18F00B553F8 /* ButtonStyling.m */,
				A1B5DF9B1E4CF28A00B553F8 /* TextViewStyling.h */,
				A1B5DF9C1E4CF28A00B553F8 /* TextViewStyling.m */,
				A1B5DF9E1E4CF2B200B553F8 /* TextFieldStyling.h */,
				A1B5DF9F1E4CF2B200B553F8 /* TextFieldStyling.m */,
				5D48352C1E4D3F0F00ED35EE /* ViewController.h */,
				5D48352D1E4D3F0F00ED35EE /* ViewController.m */,
				3C42F2FD1E49185D0015F1FC /* Main.storyboard */,
				3C42F3001E49185D0015F1FC /* RemindersApp.xcdatamodeld */,
				3C42F2F41E49185D0015F1FC /* Supporting Files */,
				5DF565761E4AA45100E5ABC7 /* Notifications */,
			);
			path = RemindersApp;
			sourceTree = "<group>";
		};
		3C42F2F41E49185D0015F1FC /* Supporting Files */ = {
			isa = PBXGroup;
			children = (
				3C42F3031E49185D0015F1FC /* Assets.xcassets */,
				3C42F3051E49185D0015F1FC /* LaunchScreen.storyboard */,
				3C42F3081E49185D0015F1FC /* Info.plist */,
				3C42F2F71E49185D0015F1FC /* AppDelegate.h */,
				3C42F2F81E49185D0015F1FC /* AppDelegate.m */,
				A1B5DF921E4CF06D00B553F8 /* IntroViewController.h */,
				A1B5DF931E4CF06D00B553F8 /* IntroViewController.m */,
				3C42F2F51E49185D0015F1FC /* main.m */,
			);
			name = "Supporting Files";
			sourceTree = "<group>";
		};
		5DF565761E4AA45100E5ABC7 /* Notifications */ = {
			isa = PBXGroup;
			children = (
				5D48351D1E4C042D00ED35EE /* NotificationsDelegate.h */,
				5D48351E1E4C042D00ED35EE /* NotificationsDelegate.m */,
				5DF565731E4AA44500E5ABC7 /* NotificationsManager.h */,
				5DF565741E4AA44500E5ABC7 /* NotificationsManager.m */,
			);
			name = Notifications;
			sourceTree = "<group>";
		};
/* End PBXGroup section */

/* Begin PBXNativeTarget section */
		3C42F2F01E49185D0015F1FC /* RemindersApp */ = {
			isa = PBXNativeTarget;
			buildConfigurationList = 3C42F30B1E49185D0015F1FC /* Build configuration list for PBXNativeTarget "RemindersApp" */;
			buildPhases = (
				3C42F2ED1E49185D0015F1FC /* Sources */,
				3C42F2EE1E49185D0015F1FC /* Frameworks */,
				3C42F2EF1E49185D0015F1FC /* Resources */,
			);
			buildRules = (
			);
			dependencies = (
			);
			name = RemindersApp;
			productName = RemindersApp;
			productReference = 3C42F2F11E49185D0015F1FC /* RemindersApp.app */;
			productType = "com.apple.product-type.application";
		};
/* End PBXNativeTarget section */

/* Begin PBXProject section */
		3C42F2E91E49185D0015F1FC /* Project object */ = {
			isa = PBXProject;
			attributes = {
				LastUpgradeCheck = 0820;
				ORGANIZATIONNAME = Jonescr;
				TargetAttributes = {
					3C42F2F01E49185D0015F1FC = {
						CreatedOnToolsVersion = 8.2.1;
						DevelopmentTeam = YL4ZK39CA7;
						ProvisioningStyle = Automatic;
					};
				};
			};
			buildConfigurationList = 3C42F2EC1E49185D0015F1FC /* Build configuration list for PBXProject "RemindersApp" */;
			compatibilityVersion = "Xcode 3.2";
			developmentRegion = English;
			hasScannedForEncodings = 0;
			knownRegions = (
				en,
				Base,
			);
			mainGroup = 3C42F2E81E49185D0015F1FC;
			productRefGroup = 3C42F2F21E49185D0015F1FC /* Products */;
			projectDirPath = "";
			projectRoot = "";
			targets = (
				3C42F2F01E49185D0015F1FC /* RemindersApp */,
			);
		};
/* End PBXProject section */

/* Begin PBXResourcesBuildPhase section */
		3C42F2EF1E49185D0015F1FC /* Resources */ = {
			isa = PBXResourcesBuildPhase;
			buildActionMask = 2147483647;
			files = (
				3C42F3071E49185D0015F1FC /* LaunchScreen.storyboard in Resources */,
				3C42F3041E49185D0015F1FC /* Assets.xcassets in Resources */,
				3C42F2FF1E49185D0015F1FC /* Main.storyboard in Resources */,
			);
			runOnlyForDeploymentPostprocessing = 0;
		};
/* End PBXResourcesBuildPhase section */

/* Begin PBXSourcesBuildPhase section */
		3C42F2ED1E49185D0015F1FC /* Sources */ = {
			isa = PBXSourcesBuildPhase;
			buildActionMask = 2147483647;
			files = (
				5D48352E1E4D3F0F00ED35EE /* ViewController.m in Sources */,
				3C42F2F91E49185D0015F1FC /* AppDelegate.m in Sources */,
				3C42F31F1E4937730015F1FC /* DetailViewController.m in Sources */,
				5DF565751E4AA44500E5ABC7 /* NotificationsManager.m in Sources */,
				A1B5DFA01E4CF2B200B553F8 /* TextFieldStyling.m in Sources */,
				3C42F3101E49191E0015F1FC /* MasterTableViewController.m in Sources */,
				3C42F31C1E4924A70015F1FC /* ReminderTableViewCell.m in Sources */,
				5D4835291E4CB91300ED35EE /* Reminders+CoreDataProperties.m in Sources */,
				A1B5DF8E1E4BDC7200B553F8 /* Reminders+CoreDataProperties.m in Sources */,
				3C42F3131E491A590015F1FC /* NewReminderViewController.m in Sources */,
				5D48351F1E4C042D00ED35EE /* NotificationsDelegate.m in Sources */,
				3C42F2F61E49185D0015F1FC /* main.m in Sources */,
				3CC86FC71E4A8223000CFAD1 /* OnlinePhotosViewController.m in Sources */,
				A1B5DF9A1E4CF18F00B553F8 /* ButtonStyling.m in Sources */,
				A1B5DF911E4CE87000B553F8 /* LabelStyling.m in Sources */,
				A1B5DF9D1E4CF28A00B553F8 /* TextViewStyling.m in Sources */,
				A1B5DF941E4CF06D00B553F8 /* IntroViewController.m in Sources */,
				3CC86FCA1E4A824B000CFAD1 /* Photo.m in Sources */,
				3CC86FCD1E4A8260000CFAD1 /* CollectionViewCell.m in Sources */,
				3C42F3021E49185D0015F1FC /* RemindersApp.xcdatamodeld in Sources */,
				5D48352B1E4CB91300ED35EE /* Identifier+CoreDataProperties.m in Sources */,
			);
			runOnlyForDeploymentPostprocessing = 0;
		};
/* End PBXSourcesBuildPhase section */

/* Begin PBXVariantGroup section */
		3C42F2FD1E49185D0015F1FC /* Main.storyboard */ = {
			isa = PBXVariantGroup;
			children = (
				3C42F2FE1E49185D0015F1FC /* Base */,
			);
			name = Main.storyboard;
			sourceTree = "<group>";
		};
		3C42F3051E49185D0015F1FC /* LaunchScreen.storyboard */ = {
			isa = PBXVariantGroup;
			children = (
				3C42F3061E49185D0015F1FC /* Base */,
			);
			name = LaunchScreen.storyboard;
			sourceTree = "<group>";
		};
/* End PBXVariantGroup section */

/* Begin XCBuildConfiguration section */
		3C42F3091E49185D0015F1FC /* Debug */ = {
			isa = XCBuildConfiguration;
			buildSettings = {
				ALWAYS_SEARCH_USER_PATHS = NO;
				CLANG_ANALYZER_NONNULL = YES;
				CLANG_CXX_LANGUAGE_STANDARD = "gnu++0x";
				CLANG_CXX_LIBRARY = "libc++";
				CLANG_ENABLE_MODULES = YES;
				CLANG_ENABLE_OBJC_ARC = YES;
				CLANG_WARN_BOOL_CONVERSION = YES;
				CLANG_WARN_CONSTANT_CONVERSION = YES;
				CLANG_WARN_DIRECT_OBJC_ISA_USAGE = YES_ERROR;
				CLANG_WARN_DOCUMENTATION_COMMENTS = YES;
				CLANG_WARN_EMPTY_BODY = YES;
				CLANG_WARN_ENUM_CONVERSION = YES;
				CLANG_WARN_INFINITE_RECURSION = YES;
				CLANG_WARN_INT_CONVERSION = YES;
				CLANG_WARN_OBJC_ROOT_CLASS = YES_ERROR;
				CLANG_WARN_SUSPICIOUS_MOVE = YES;
				CLANG_WARN_UNREACHABLE_CODE = YES;
				CLANG_WARN__DUPLICATE_METHOD_MATCH = YES;
				"CODE_SIGN_IDENTITY[sdk=iphoneos*]" = "iPhone Developer";
				COPY_PHASE_STRIP = NO;
				DEBUG_INFORMATION_FORMAT = dwarf;
				ENABLE_STRICT_OBJC_MSGSEND = YES;
				ENABLE_TESTABILITY = YES;
				GCC_C_LANGUAGE_STANDARD = gnu99;
				GCC_DYNAMIC_NO_PIC = NO;
				GCC_NO_COMMON_BLOCKS = YES;
				GCC_OPTIMIZATION_LEVEL = 0;
				GCC_PREPROCESSOR_DEFINITIONS = (
					"DEBUG=1",
					"$(inherited)",
				);
				GCC_WARN_64_TO_32_BIT_CONVERSION = YES;
				GCC_WARN_ABOUT_RETURN_TYPE = YES_ERROR;
				GCC_WARN_UNDECLARED_SELECTOR = YES;
				GCC_WARN_UNINITIALIZED_AUTOS = YES_AGGRESSIVE;
				GCC_WARN_UNUSED_FUNCTION = YES;
				GCC_WARN_UNUSED_VARIABLE = YES;
				IPHONEOS_DEPLOYMENT_TARGET = 10.2;
				MTL_ENABLE_DEBUG_INFO = YES;
				ONLY_ACTIVE_ARCH = YES;
				SDKROOT = iphoneos;
			};
			name = Debug;
		};
		3C42F30A1E49185D0015F1FC /* Release */ = {
			isa = XCBuildConfiguration;
			buildSettings = {
				ALWAYS_SEARCH_USER_PATHS = NO;
				CLANG_ANALYZER_NONNULL = YES;
				CLANG_CXX_LANGUAGE_STANDARD = "gnu++0x";
				CLANG_CXX_LIBRARY = "libc++";
				CLANG_ENABLE_MODULES = YES;
				CLANG_ENABLE_OBJC_ARC = YES;
				CLANG_WARN_BOOL_CONVERSION = YES;
				CLANG_WARN_CONSTANT_CONVERSION = YES;
				CLANG_WARN_DIRECT_OBJC_ISA_USAGE = YES_ERROR;
				CLANG_WARN_DOCUMENTATION_COMMENTS = YES;
				CLANG_WARN_EMPTY_BODY = YES;
				CLANG_WARN_ENUM_CONVERSION = YES;
				CLANG_WARN_INFINITE_RECURSION = YES;
				CLANG_WARN_INT_CONVERSION = YES;
				CLANG_WARN_OBJC_ROOT_CLASS = YES_ERROR;
				CLANG_WARN_SUSPICIOUS_MOVE = YES;
				CLANG_WARN_UNREACHABLE_CODE = YES;
				CLANG_WARN__DUPLICATE_METHOD_MATCH = YES;
				"CODE_SIGN_IDENTITY[sdk=iphoneos*]" = "iPhone Developer";
				COPY_PHASE_STRIP = NO;
				DEBUG_INFORMATION_FORMAT = "dwarf-with-dsym";
				ENABLE_NS_ASSERTIONS = NO;
				ENABLE_STRICT_OBJC_MSGSEND = YES;
				GCC_C_LANGUAGE_STANDARD = gnu99;
				GCC_NO_COMMON_BLOCKS = YES;
				GCC_WARN_64_TO_32_BIT_CONVERSION = YES;
				GCC_WARN_ABOUT_RETURN_TYPE = YES_ERROR;
				GCC_WARN_UNDECLARED_SELECTOR = YES;
				GCC_WARN_UNINITIALIZED_AUTOS = YES_AGGRESSIVE;
				GCC_WARN_UNUSED_FUNCTION = YES;
				GCC_WARN_UNUSED_VARIABLE = YES;
				IPHONEOS_DEPLOYMENT_TARGET = 10.2;
				MTL_ENABLE_DEBUG_INFO = NO;
				SDKROOT = iphoneos;
				VALIDATE_PRODUCT = YES;
			};
			name = Release;
		};
		3C42F30C1E49185D0015F1FC /* Debug */ = {
			isa = XCBuildConfiguration;
			buildSettings = {
				ASSETCATALOG_COMPILER_APPICON_NAME = AppIcon;
				DEVELOPMENT_TEAM = YL4ZK39CA7;
				INFOPLIST_FILE = RemindersApp/Info.plist;
				LD_RUNPATH_SEARCH_PATHS = "$(inherited) @executable_path/Frameworks";
				PRODUCT_BUNDLE_IDENTIFIER = CRJ.RemindersApp;
				PRODUCT_NAME = "$(TARGET_NAME)";
			};
			name = Debug;
		};
		3C42F30D1E49185D0015F1FC /* Release */ = {
			isa = XCBuildConfiguration;
			buildSettings = {
				ASSETCATALOG_COMPILER_APPICON_NAME = AppIcon;
				DEVELOPMENT_TEAM = YL4ZK39CA7;
				INFOPLIST_FILE = RemindersApp/Info.plist;
				LD_RUNPATH_SEARCH_PATHS = "$(inherited) @executable_path/Frameworks";
				PRODUCT_BUNDLE_IDENTIFIER = CRJ.RemindersApp;
				PRODUCT_NAME = "$(TARGET_NAME)";
			};
			name = Release;
		};
/* End XCBuildConfiguration section */

/* Begin XCConfigurationList section */
		3C42F2EC1E49185D0015F1FC /* Build configuration list for PBXProject "RemindersApp" */ = {
			isa = XCConfigurationList;
			buildConfigurations = (
				3C42F3091E49185D0015F1FC /* Debug */,
				3C42F30A1E49185D0015F1FC /* Release */,
			);
			defaultConfigurationIsVisible = 0;
			defaultConfigurationName = Release;
		};
		3C42F30B1E49185D0015F1FC /* Build configuration list for PBXNativeTarget "RemindersApp" */ = {
			isa = XCConfigurationList;
			buildConfigurations = (
				3C42F30C1E49185D0015F1FC /* Debug */,
				3C42F30D1E49185D0015F1FC /* Release */,
			);
			defaultConfigurationIsVisible = 0;
			defaultConfigurationName = Release;
		};
/* End XCConfigurationList section */

/* Begin XCVersionGroup section */
		3C42F3001E49185D0015F1FC /* RemindersApp.xcdatamodeld */ = {
			isa = XCVersionGroup;
			children = (
				3C42F3011E49185D0015F1FC /* RemindersApp.xcdatamodel */,
			);
			currentVersion = 3C42F3011E49185D0015F1FC /* RemindersApp.xcdatamodel */;
			path = RemindersApp.xcdatamodeld;
			sourceTree = "<group>";
			versionGroupType = wrapper.xcdatamodel;
		};
/* End XCVersionGroup section */
	};
	rootObject = 3C42F2E91E49185D0015F1FC /* Project object */;
}
